<?xml version="1.0" encoding="utf-8"?>
<Project ToolsVersion="4.0" xmlns="http://schemas.microsoft.com/developer/msbuild/2003">
  <ItemGroup>
    <Filter Include="Source Files">
      <UniqueIdentifier>{4FC737F1-C7A5-4376-A066-2A32D752A2FF}</UniqueIdentifier>
      <Extensions>cpp;c;cc;cxx;def;odl;idl;hpj;bat;asm;asmx</Extensions>
    </Filter>
    <Filter Include="Header Files">
      <UniqueIdentifier>{93995380-89BD-4b04-88EB-625FBE52EBFB}</UniqueIdentifier>
      <Extensions>h;hh;hpp;hxx;hm;inl;inc;xsd</Extensions>
    </Filter>
    <Filter Include="Resource Files">
      <UniqueIdentifier>{67DA6AB6-F800-4c08-8B7A-83BB121AAD01}</UniqueIdentifier>
      <Extensions>rc;ico;cur;bmp;dlg;rc2;rct;bin;rgs;gif;jpg;jpeg;jpe;resx;tiff;tif;png;wav;mfcribbon-ms</Extensions>
    </Filter>
    <Filter Include="Ezreal">
      <UniqueIdentifier>{2b0fe6cd-2e32-4195-9f95-83d15f9cc3e2}</UniqueIdentifier>
    </Filter>
    <Filter Include="Corki">
      <UniqueIdentifier>{22221ba8-16c0-4087-a5b5-be3edb88935c}</UniqueIdentifier>
    </Filter>
    <Filter Include="Vayne">
      <UniqueIdentifier>{61d9b5ed-c2be-4946-a8a3-898c77fad9f6}</UniqueIdentifier>
    </Filter>
    <Filter Include="Jinx">
      <UniqueIdentifier>{0265fc34-b918-4dc5-b59f-3490de72c7de}</UniqueIdentifier>
    </Filter>
    <Filter Include="Twitch">
      <UniqueIdentifier>{dd127a7e-664b-4123-bffe-d3ce43cf9dd8}</UniqueIdentifier>
    </Filter>
    <Filter Include="Lucian">
      <UniqueIdentifier>{b0bd6add-ab8c-4242-a583-07e71dd3007a}</UniqueIdentifier>
    </Filter>
    <Filter Include="Jhin">
      <UniqueIdentifier>{e3d497e7-34f3-4fb8-bbcc-7ede2e976a02}</UniqueIdentifier>
    </Filter>
    <Filter Include="Sivir">
      <UniqueIdentifier>{2afe3582-f12a-4c01-b169-c33c4edd76ac}</UniqueIdentifier>
    </Filter>
    <Filter Include="Draven">
      <UniqueIdentifier>{9dc14c37-b60f-4a69-89ac-27b18f1c61e5}</UniqueIdentifier>
    </Filter>
    <Filter Include="Xerath">
      <UniqueIdentifier>{3919b50a-abc8-4199-8664-bf3808b0483d}</UniqueIdentifier>
    </Filter>
    <Filter Include="Fiora">
      <UniqueIdentifier>{5a451ffb-ec29-47a9-86e5-de76c2ced37c}</UniqueIdentifier>
    </Filter>
    <Filter Include="SpellBlocker">
      <UniqueIdentifier>{4d1a3dd4-281f-458a-8d6d-56f430490a63}</UniqueIdentifier>
    </Filter>
    <Filter Include="Kalista">
      <UniqueIdentifier>{f376ed93-f236-4ecd-a945-f05b7efacb36}</UniqueIdentifier>
    </Filter>
    <Filter Include="Viktor">
      <UniqueIdentifier>{a302db92-487a-42d0-bee2-e7cc4d3c584e}</UniqueIdentifier>
    </Filter>
  </ItemGroup>
  <ItemGroup>
    <ClInclude Include="LPPConstants.h">
      <Filter>Header Files</Filter>
    </ClInclude>
    <ClInclude Include="PluginData.h">
      <Filter>Header Files</Filter>
    </ClInclude>
    <ClInclude Include="PluginSDK.h">
      <Filter>Header Files</Filter>
    </ClInclude>
    <ClInclude Include="Vector3.h">
      <Filter>Header Files</Filter>
    </ClInclude>
    <ClInclude Include="Template.h">
      <Filter>Header Files</Filter>
    </ClInclude>
    <ClInclude Include="Extension.h">
      <Filter>Header Files</Filter>
    </ClInclude>
    <ClInclude Include="MainVariables.h">
      <Filter>Header Files</Filter>
    </ClInclude>
    <ClInclude Include="EzrealLoad.h">
      <Filter>Ezreal</Filter>
    </ClInclude>
    <ClInclude Include="EzrealModes.h">
      <Filter>Ezreal</Filter>
    </ClInclude>
    <ClInclude Include="EzrealConfig.h">
      <Filter>Ezreal</Filter>
    </ClInclude>
    <ClInclude Include="EzrealVariables.h">
      <Filter>Ezreal</Filter>
    </ClInclude>
    <ClInclude Include="CorkiLoad.h">
      <Filter>Corki</Filter>
    </ClInclude>
    <ClInclude Include="CorkiVariables.h">
      <Filter>Corki</Filter>
    </ClInclude>
    <ClInclude Include="CorkiConfig.h">
      <Filter>Corki</Filter>
    </ClInclude>
    <ClInclude Include="CorkiModes.h">
      <Filter>Corki</Filter>
    </ClInclude>
    <ClInclude Include="VayneLoad.h">
      <Filter>Vayne</Filter>
    </ClInclude>
    <ClInclude Include="VayneVariables.h">
      <Filter>Vayne</Filter>
    </ClInclude>
    <ClInclude Include="VayneConfig.h">
      <Filter>Vayne</Filter>
    </ClInclude>
    <ClInclude Include="VayneModes.h">
      <Filter>Vayne</Filter>
    </ClInclude>
    <ClInclude Include="JinxConfig.h">
      <Filter>Jinx</Filter>
    </ClInclude>
    <ClInclude Include="JinxVariables.h">
      <Filter>Jinx</Filter>
    </ClInclude>
    <ClInclude Include="JinxModes.h">
      <Filter>Jinx</Filter>
    </ClInclude>
    <ClInclude Include="JinxLoad.h">
      <Filter>Jinx</Filter>
    </ClInclude>
    <ClInclude Include="TwitchConfig.h">
      <Filter>Twitch</Filter>
    </ClInclude>
    <ClInclude Include="TwitchLoad.h">
      <Filter>Twitch</Filter>
    </ClInclude>
    <ClInclude Include="TwitchModes.h">
      <Filter>Twitch</Filter>
    </ClInclude>
    <ClInclude Include="TwitchVariables.h">
      <Filter>Twitch</Filter>
    </ClInclude>
    <ClInclude Include="LucianLoad.h">
      <Filter>Lucian</Filter>
    </ClInclude>
    <ClInclude Include="LucianVariables.h">
      <Filter>Lucian</Filter>
    </ClInclude>
    <ClInclude Include="LucianModes.h">
      <Filter>Lucian</Filter>
    </ClInclude>
    <ClInclude Include="LucianConfig.h">
      <Filter>Lucian</Filter>
    </ClInclude>
    <ClInclude Include="JhinLoad.h">
      <Filter>Jhin</Filter>
    </ClInclude>
    <ClInclude Include="JhinModes.h">
      <Filter>Jhin</Filter>
    </ClInclude>
    <ClInclude Include="JhinConfig.h">
      <Filter>Jhin</Filter>
    </ClInclude>
    <ClInclude Include="JhinVariables.h">
      <Filter>Jhin</Filter>
    </ClInclude>
    <ClInclude Include="SivirLoad.h">
      <Filter>Sivir</Filter>
    </ClInclude>
    <ClInclude Include="SivirModes.h">
      <Filter>Sivir</Filter>
    </ClInclude>
    <ClInclude Include="SivirConfig.h">
      <Filter>Sivir</Filter>
    </ClInclude>
    <ClInclude Include="SivirVariables.h">
      <Filter>Sivir</Filter>
    </ClInclude>
    <ClInclude Include="DravenLoad.h">
      <Filter>Draven</Filter>
    </ClInclude>
    <ClInclude Include="DravenModes.h">
      <Filter>Draven</Filter>
    </ClInclude>
    <ClInclude Include="DravenConfig.h">
      <Filter>Draven</Filter>
    </ClInclude>
    <ClInclude Include="DravenVariables.h">
      <Filter>Draven</Filter>
    </ClInclude>
    <ClInclude Include="XerathLoad.h">
      <Filter>Xerath</Filter>
    </ClInclude>
    <ClInclude Include="XerathModes.h">
      <Filter>Xerath</Filter>
    </ClInclude>
    <ClInclude Include="XerathConfig.h">
      <Filter>Xerath</Filter>
    </ClInclude>
    <ClInclude Include="XerathVariables.h">
      <Filter>Xerath</Filter>
    </ClInclude>
    <ClInclude Include="FioraLoad.h">
      <Filter>Fiora</Filter>
    </ClInclude>
    <ClInclude Include="FioraConfig.h">
      <Filter>Fiora</Filter>
    </ClInclude>
    <ClInclude Include="FioraModes.h">
      <Filter>Fiora</Filter>
    </ClInclude>
    <ClInclude Include="FioraVariables.h">
      <Filter>Fiora</Filter>
    </ClInclude>
    <ClInclude Include="TargetedSpells.h">
      <Filter>SpellBlocker</Filter>
    </ClInclude>
    <ClInclude Include="SpellBlockerLoad.h">
      <Filter>SpellBlocker</Filter>
    </ClInclude>
    <ClInclude Include="SpellBlockerConfig.h">
      <Filter>SpellBlocker</Filter>
    </ClInclude>
    <ClInclude Include="SpellBlockerSpells.h">
      <Filter>SpellBlocker</Filter>
    </ClInclude>
    <ClInclude Include="KalistaLoad.h">
      <Filter>Kalista</Filter>
    </ClInclude>
    <ClInclude Include="KalistaModes.h">
      <Filter>Kalista</Filter>
    </ClInclude>
    <ClInclude Include="KalistaConfig.h">
      <Filter>Kalista</Filter>
    </ClInclude>
    <ClInclude Include="KalistaVariables.h">
      <Filter>Kalista</Filter>
    </ClInclude>
    <ClInclude Include="Header.h">
      <Filter>Viktor</Filter>
    </ClInclude>
    <ClInclude Include="Header1.h">
      <Filter>Viktor</Filter>
    </ClInclude>
    <ClInclude Include="Header2.h">
      <Filter>Viktor</Filter>
    </ClInclude>
    <ClInclude Include="Header3.h">
      <Filter>Viktor</Filter>
    </ClInclude>
    <ClInclude Include="MalachitePred.h">
      <Filter>Header Files</Filter>
    </ClInclude>
    <ClInclude Include="Geometry.h">
      <Filter>Header Files</Filter>
    </ClInclude>
  </ItemGroup>
  <ItemGroup>
    <ClCompile Include="PluginSDK.cpp">
      <Filter>Source Files</Filter>
    </ClCompile>
    <ClCompile Include="Main.cpp">
      <Filter>Source Files</Filter>
    </ClCompile>
  </ItemGroup>
</Project>